
Microsoft Visual Studio Solution File, Format Version 12.00
# Visual Studio 14
VisualStudioVersion = 14.0.22823.1
MinimumVisualStudioVersion = 10.0.40219.1
Project("{FAE04EC0-301F-11D3-BF4B-00C04F79EFBC}") = "SlackSDK", "SlackSDK\SlackSDK.csproj", "{62E1CAD6-6140-4F6C-8E0F-8DBD211B3583}"
EndProject
Project("{FAE04EC0-301F-11D3-BF4B-00C04F79EFBC}") = "SlackClient", "SlackClient\SlackClient.csproj", "{3902CE61-C044-447F-9F2B-FA08A46DC8D5}"
EndProject
Global
	GlobalSection(SolutionConfigurationPlatforms) = preSolution
		Debug|Any CPU = Debug|Any CPU
		Debug|ARM = Debug|ARM
		Debug|x64 = Debug|x64
		Debug|x86 = Debug|x86
		Release|Any CPU = Release|Any CPU
		Release|ARM = Release|ARM
		Release|x64 = Release|x64
		Release|x86 = Release|x86
	EndGlobalSection
	GlobalSection(ProjectConfigurationPlatforms) = postSolution
		{62E1CAD6-6140-4F6C-8E0F-8DBD211B3583}.Debug|Any CPU.ActiveCfg = Debug|Any CPU
		{62E1CAD6-6140-4F6C-8E0F-8DBD211B3583}.Debug|Any CPU.Build.0 = Debug|Any CPU
		{62E1CAD6-6140-4F6C-8E0F-8DBD211B3583}.Debug|ARM.ActiveCfg = Debug|Any CPU
		{62E1CAD6-6140-4F6C-8E0F-8DBD211B3583}.Debug|ARM.Build.0 = Debug|Any CPU
		{62E1CAD6-6140-4F6C-8E0F-8DBD211B3583}.Debug|x64.ActiveCfg = Debug|Any CPU
		{62E1CAD6-6140-4F6C-8E0F-8DBD211B3583}.Debug|x64.Build.0 = Debug|Any CPU
		{62E1CAD6-6140-4F6C-8E0F-8DBD211B3583}.Debug|x86.ActiveCfg = Debug|Any CPU
		{62E1CAD6-6140-4F6C-8E0F-8DBD211B3583}.Debug|x86.Build.0 = Debug|Any CPU
		{62E1CAD6-6140-4F6C-8E0F-8DBD211B3583}.Release|Any CPU.ActiveCfg = Release|Any CPU
		{62E1CAD6-6140-4F6C-8E0F-8DBD211B3583}.Release|Any CPU.Build.0 = Release|Any CPU
		{62E1CAD6-6140-4F6C-8E0F-8DBD211B3583}.Release|ARM.ActiveCfg = Release|Any CPU
		{62E1CAD6-6140-4F6C-8E0F-8DBD211B3583}.Release|ARM.Build.0 = Release|Any CPU
		{62E1CAD6-6140-4F6C-8E0F-8DBD211B3583}.Release|x64.ActiveCfg = Release|Any CPU
		{62E1CAD6-6140-4F6C-8E0F-8DBD211B3583}.Release|x64.Build.0 = Release|Any CPU
		{62E1CAD6-6140-4F6C-8E0F-8DBD211B3583}.Release|x86.ActiveCfg = Release|Any CPU
		{62E1CAD6-6140-4F6C-8E0F-8DBD211B3583}.Release|x86.Build.0 = Release|Any CPU
		{3902CE61-C044-447F-9F2B-FA08A46DC8D5}.Debug|Any CPU.ActiveCfg = Debug|x86
		{3902CE61-C044-447F-9F2B-FA08A46DC8D5}.Debug|Any CPU.Build.0 = Debug|x86
		{3902CE61-C044-447F-9F2B-FA08A46DC8D5}.Debug|Any CPU.Deploy.0 = Debug|x86
		{3902CE61-C044-447F-9F2B-FA08A46DC8D5}.Debug|ARM.ActiveCfg = Debug|ARM
		{3902CE61-C044-447F-9F2B-FA08A46DC8D5}.Debug|ARM.Build.0 = Debug|ARM
		{3902CE61-C044-447F-9F2B-FA08A46DC8D5}.Debug|ARM.Deploy.0 = Debug|ARM
		{3902CE61-C044-447F-9F2B-FA08A46DC8D5}.Debug|x64.ActiveCfg = Debug|x64
		{3902CE61-C044-447F-9F2B-FA08A46DC8D5}.Debug|x64.Build.0 = Debug|x64
		{3902CE61-C044-447F-9F2B-FA08A46DC8D5}.Debug|x64.Deploy.0 = Debug|x64
		{3902CE61-C044-447F-9F2B-FA08A46DC8D5}.Debug|x86.ActiveCfg = Debug|x86
		{3902CE61-C044-447F-9F2B-FA08A46DC8D5}.Debug|x86.Build.0 = Debug|x86
		{3902CE61-C044-447F-9F2B-FA08A46DC8D5}.Debug|x86.Deploy.0 = Debug|x86
		{3902CE61-C044-447F-9F2B-FA08A46DC8D5}.Release|Any CPU.ActiveCfg = Release|x86
		{3902CE61-C044-447F-9F2B-FA08A46DC8D5}.Release|ARM.ActiveCfg = Release|ARM
		{3902CE61-C044-447F-9F2B-FA08A46DC8D5}.Release|ARM.Build.0 = Release|ARM
		{3902CE61-C044-447F-9F2B-FA08A46DC8D5}.Release|ARM.Deploy.0 = Release|ARM
		{3902CE61-C044-447F-9F2B-FA08A46DC8D5}.Release|x64.ActiveCfg = Release|x64
		{3902CE61-C044-447F-9F2B-FA08A46DC8D5}.Release|x64.Build.0 = Release|x64
		{3902CE61-C044-447F-9F2B-FA08A46DC8D5}.Release|x64.Deploy.0 = Release|x64
		{3902CE61-C044-447F-9F2B-FA08A46DC8D5}.Release|x86.ActiveCfg = Release|x86
		{3902CE61-C044-447F-9F2B-FA08A46DC8D5}.Release|x86.Build.0 = Release|x86
		{3902CE61-C044-447F-9F2B-FA08A46DC8D5}.Release|x86.Deploy.0 = Release|x86
	EndGlobalSection
	GlobalSection(SolutionProperties) = preSolution
		HideSolutionNode = FALSE
	EndGlobalSection
	GlobalSection(NestedProjects) = preSolution
		{C18E7CEB-4022-4B75-AECD-D02932FB205D} = {F924CBA9-831D-4793-A92B-F6B6DAE56D16}
	EndGlobalSection
EndGlobal
